// !$*UTF8*$!
{
	archiveVersion = 1;
	classes = {
	};
	objectVersion = 46;
	objects = {

/* Begin PBXBuildFile section */
		07ADB02919764F9F002D80E0 /* Foundation.framework in Frameworks */ = {isa = PBXBuildFile; fileRef = 07ADB02819764F9F002D80E0 /* Foundation.framework */; };
		07ADB02B19764F9F002D80E0 /* CoreGraphics.framework in Frameworks */ = {isa = PBXBuildFile; fileRef = 07ADB02A19764F9F002D80E0 /* CoreGraphics.framework */; };
		07ADB02D19764F9F002D80E0 /* UIKit.framework in Frameworks */ = {isa = PBXBuildFile; fileRef = 07ADB02C19764F9F002D80E0 /* UIKit.framework */; };
		07ADB02F19764F9F002D80E0 /* CoreData.framework in Frameworks */ = {isa = PBXBuildFile; fileRef = 07ADB02E19764F9F002D80E0 /* CoreData.framework */; };
		07ADB03519764F9F002D80E0 /* InfoPlist.strings in Resources */ = {isa = PBXBuildFile; fileRef = 07ADB03319764F9F002D80E0 /* InfoPlist.strings */; };
		07ADB03719764F9F002D80E0 /* main.m in Sources */ = {isa = PBXBuildFile; fileRef = 07ADB03619764F9F002D80E0 /* main.m */; };
		07ADB03B19764F9F002D80E0 /* AppDelegate.m in Sources */ = {isa = PBXBuildFile; fileRef = 07ADB03A19764F9F002D80E0 /* AppDelegate.m */; };
		07ADB03E19764F9F002D80E0 /* Yo_From.xcdatamodeld in Sources */ = {isa = PBXBuildFile; fileRef = 07ADB03C19764F9F002D80E0 /* Yo_From.xcdatamodeld */; };
		07ADB04019764F9F002D80E0 /* Images.xcassets in Resources */ = {isa = PBXBuildFile; fileRef = 07ADB03F19764F9F002D80E0 /* Images.xcassets */; };
		07ADB04719764F9F002D80E0 /* XCTest.framework in Frameworks */ = {isa = PBXBuildFile; fileRef = 07ADB04619764F9F002D80E0 /* XCTest.framework */; };
		07ADB04819764F9F002D80E0 /* Foundation.framework in Frameworks */ = {isa = PBXBuildFile; fileRef = 07ADB02819764F9F002D80E0 /* Foundation.framework */; };
		07ADB04919764FA0002D80E0 /* UIKit.framework in Frameworks */ = {isa = PBXBuildFile; fileRef = 07ADB02C19764F9F002D80E0 /* UIKit.framework */; };
		07ADB04A19764FA0002D80E0 /* CoreData.framework in Frameworks */ = {isa = PBXBuildFile; fileRef = 07ADB02E19764F9F002D80E0 /* CoreData.framework */; };
		07ADB05219764FA0002D80E0 /* InfoPlist.strings in Resources */ = {isa = PBXBuildFile; fileRef = 07ADB05019764FA0002D80E0 /* InfoPlist.strings */; };
		07ADB05419764FA0002D80E0 /* Yo_FromTests.m in Sources */ = {isa = PBXBuildFile; fileRef = 07ADB05319764FA0002D80E0 /* Yo_FromTests.m */; };
		07ADB05F19764FC3002D80E0 /* LoginViewController.m in Sources */ = {isa = PBXBuildFile; fileRef = 07ADB05E19764FC3002D80E0 /* LoginViewController.m */; };
		07ADB061197651A5002D80E0 /* CoreLocation.framework in Frameworks */ = {isa = PBXBuildFile; fileRef = 07ADB060197651A5002D80E0 /* CoreLocation.framework */; };
		07ADB063197651B2002D80E0 /* Accounts.framework in Frameworks */ = {isa = PBXBuildFile; fileRef = 07ADB062197651B2002D80E0 /* Accounts.framework */; };
		07ADB065197651BA002D80E0 /* Social.framework in Frameworks */ = {isa = PBXBuildFile; fileRef = 07ADB064197651BA002D80E0 /* Social.framework */; };
		07ADB067197651C7002D80E0 /* QuartzCore.framework in Frameworks */ = {isa = PBXBuildFile; fileRef = 07ADB066197651C7002D80E0 /* QuartzCore.framework */; };
		07ADB069197651DF002D80E0 /* AudioToolbox.framework in Frameworks */ = {isa = PBXBuildFile; fileRef = 07ADB068197651DF002D80E0 /* AudioToolbox.framework */; };
		07ADB06B197651E7002D80E0 /* CFNetwork.framework in Frameworks */ = {isa = PBXBuildFile; fileRef = 07ADB06A197651E7002D80E0 /* CFNetwork.framework */; };
		07ADB06D197651F5002D80E0 /* libz.1.1.3.dylib in Frameworks */ = {isa = PBXBuildFile; fileRef = 07ADB06C197651F5002D80E0 /* libz.1.1.3.dylib */; };
		07ADB06F197651FC002D80E0 /* MobileCoreServices.framework in Frameworks */ = {isa = PBXBuildFile; fileRef = 07ADB06E197651FC002D80E0 /* MobileCoreServices.framework */; };
		07ADB07119765209002D80E0 /* Security.framework in Frameworks */ = {isa = PBXBuildFile; fileRef = 07ADB07019765209002D80E0 /* Security.framework */; };
		07ADB07319765214002D80E0 /* SystemConfiguration.framework in Frameworks */ = {isa = PBXBuildFile; fileRef = 07ADB07219765214002D80E0 /* SystemConfiguration.framework */; };
		07ADB0751976521A002D80E0 /* StoreKit.framework in Frameworks */ = {isa = PBXBuildFile; fileRef = 07ADB0741976521A002D80E0 /* StoreKit.framework */; };
		07ADB07A19765592002D80E0 /* UserData.m in Sources */ = {isa = PBXBuildFile; fileRef = 07ADB07919765592002D80E0 /* UserData.m */; };
		07ADB08A19766299002D80E0 /* Parse.framework in Frameworks */ = {isa = PBXBuildFile; fileRef = 07ADB08919766299002D80E0 /* Parse.framework */; };
		6C4B05181978E12800357A14 /* close_nav_blue.png in Resources */ = {isa = PBXBuildFile; fileRef = 6C4B05171978E12800357A14 /* close_nav_blue.png */; };
		6C594B471978F2D8000260A6 /* MapKit.framework in Frameworks */ = {isa = PBXBuildFile; fileRef = 6C594B461978F2D8000260A6 /* MapKit.framework */; };
		6C674A21197A3B520036898E /* TBTableView.m in Sources */ = {isa = PBXBuildFile; fileRef = 6C674A20197A3B520036898E /* TBTableView.m */; };
		6CBE5C6C19765DF3005DDB86 /* PlacesViewController.m in Sources */ = {isa = PBXBuildFile; fileRef = 6CBE5C6B19765DF3005DDB86 /* PlacesViewController.m */; };
		6CBE5C6F19765E2B005DDB86 /* UsersViewController.m in Sources */ = {isa = PBXBuildFile; fileRef = 6CBE5C6E19765E2B005DDB86 /* UsersViewController.m */; };
		6CBE5C8D197668D2005DDB86 /* LICENSE in Resources */ = {isa = PBXBuildFile; fileRef = 6CBE5C71197668D2005DDB86 /* LICENSE */; };
		6CBE5C8E197668D2005DDB86 /* README.md in Resources */ = {isa = PBXBuildFile; fileRef = 6CBE5C72197668D2005DDB86 /* README.md */; };
		6CBE5C8F197668D2005DDB86 /* NSData+ImageContentType.m in Sources */ = {isa = PBXBuildFile; fileRef = 6CBE5C75197668D2005DDB86 /* NSData+ImageContentType.m */; };
		6CBE5C90197668D2005DDB86 /* SDImageCache.m in Sources */ = {isa = PBXBuildFile; fileRef = 6CBE5C77197668D2005DDB86 /* SDImageCache.m */; };
		6CBE5C91197668D2005DDB86 /* SDWebImageCompat.m in Sources */ = {isa = PBXBuildFile; fileRef = 6CBE5C79197668D2005DDB86 /* SDWebImageCompat.m */; };
		6CBE5C92197668D2005DDB86 /* SDWebImageDecoder.m in Sources */ = {isa = PBXBuildFile; fileRef = 6CBE5C7B197668D2005DDB86 /* SDWebImageDecoder.m */; };
		6CBE5C93197668D2005DDB86 /* SDWebImageDownloader.m in Sources */ = {isa = PBXBuildFile; fileRef = 6CBE5C7D197668D2005DDB86 /* SDWebImageDownloader.m */; };
		6CBE5C94197668D2005DDB86 /* SDWebImageDownloaderOperation.m in Sources */ = {isa = PBXBuildFile; fileRef = 6CBE5C7F197668D2005DDB86 /* SDWebImageDownloaderOperation.m */; };
		6CBE5C95197668D2005DDB86 /* SDWebImageManager.m in Sources */ = {isa = PBXBuildFile; fileRef = 6CBE5C81197668D2005DDB86 /* SDWebImageManager.m */; };
		6CBE5C96197668D2005DDB86 /* SDWebImagePrefetcher.m in Sources */ = {isa = PBXBuildFile; fileRef = 6CBE5C84197668D2005DDB86 /* SDWebImagePrefetcher.m */; };
		6CBE5C97197668D2005DDB86 /* UIButton+WebCache.m in Sources */ = {isa = PBXBuildFile; fileRef = 6CBE5C86197668D2005DDB86 /* UIButton+WebCache.m */; };
		6CBE5C98197668D2005DDB86 /* UIImage+GIF.m in Sources */ = {isa = PBXBuildFile; fileRef = 6CBE5C88197668D2005DDB86 /* UIImage+GIF.m */; };
		6CBE5C99197668D2005DDB86 /* UIImage+MultiFormat.m in Sources */ = {isa = PBXBuildFile; fileRef = 6CBE5C8A197668D2005DDB86 /* UIImage+MultiFormat.m */; };
		6CBE5C9A197668D2005DDB86 /* UIImageView+WebCache.m in Sources */ = {isa = PBXBuildFile; fileRef = 6CBE5C8C197668D2005DDB86 /* UIImageView+WebCache.m */; };
		6CCBD5AB19765AF800F0E50A /* Main.storyboard in Resources */ = {isa = PBXBuildFile; fileRef = 6CCBD5AA19765AF800F0E50A /* Main.storyboard */; };
		6CCBDF651977366F001AD2E2 /* HistoryViewController.m in Sources */ = {isa = PBXBuildFile; fileRef = 6CCBDF641977366F001AD2E2 /* HistoryViewController.m */; };
/* End PBXBuildFile section */

/* Begin PBXContainerItemProxy section */
		07ADB04B19764FA0002D80E0 /* PBXContainerItemProxy */ = {
			isa = PBXContainerItemProxy;
			containerPortal = 07ADB01D19764F9F002D80E0 /* Project object */;
			proxyType = 1;
			remoteGlobalIDString = 07ADB02419764F9F002D80E0;
			remoteInfo = "Yo From";
		};
/* End PBXContainerItemProxy section */

/* Begin PBXFileReference section */
		07ADB02519764F9F002D80E0 /* YoFrom.app */ = {isa = PBXFileReference; explicitFileType = wrapper.application; includeInIndex = 0; path = YoFrom.app; sourceTree = BUILT_PRODUCTS_DIR; };
		07ADB02819764F9F002D80E0 /* Foundation.framework */ = {isa = PBXFileReference; lastKnownFileType = wrapper.framework; name = Foundation.framework; path = System/Library/Frameworks/Foundation.framework; sourceTree = SDKROOT; };
		07ADB02A19764F9F002D80E0 /* CoreGraphics.framework */ = {isa = PBXFileReference; lastKnownFileType = wrapper.framework; name = CoreGraphics.framework; path = System/Library/Frameworks/CoreGraphics.framework; sourceTree = SDKROOT; };
		07ADB02C19764F9F002D80E0 /* UIKit.framework */ = {isa = PBXFileReference; lastKnownFileType = wrapper.framework; name = UIKit.framework; path = System/Library/Frameworks/UIKit.framework; sourceTree = SDKROOT; };
		07ADB02E19764F9F002D80E0 /* CoreData.framework */ = {isa = PBXFileReference; lastKnownFileType = wrapper.framework; name = CoreData.framework; path = System/Library/Frameworks/CoreData.framework; sourceTree = SDKROOT; };
		07ADB03219764F9F002D80E0 /* YoFrom-Info.plist */ = {isa = PBXFileReference; lastKnownFileType = text.plist.xml; path = "YoFrom-Info.plist"; sourceTree = "<group>"; };
		07ADB03419764F9F002D80E0 /* en */ = {isa = PBXFileReference; lastKnownFileType = text.plist.strings; name = en; path = en.lproj/InfoPlist.strings; sourceTree = "<group>"; };
		07ADB03619764F9F002D80E0 /* main.m */ = {isa = PBXFileReference; lastKnownFileType = sourcecode.c.objc; path = main.m; sourceTree = "<group>"; };
		07ADB03819764F9F002D80E0 /* YoFrom-Prefix.pch */ = {isa = PBXFileReference; lastKnownFileType = sourcecode.c.h; path = "YoFrom-Prefix.pch"; sourceTree = "<group>"; };
		07ADB03919764F9F002D80E0 /* AppDelegate.h */ = {isa = PBXFileReference; lastKnownFileType = sourcecode.c.h; path = AppDelegate.h; sourceTree = "<group>"; };
		07ADB03A19764F9F002D80E0 /* AppDelegate.m */ = {isa = PBXFileReference; lastKnownFileType = sourcecode.c.objc; path = AppDelegate.m; sourceTree = "<group>"; };
		07ADB03D19764F9F002D80E0 /* Yo_From.xcdatamodel */ = {isa = PBXFileReference; lastKnownFileType = wrapper.xcdatamodel; path = Yo_From.xcdatamodel; sourceTree = "<group>"; };
		07ADB03F19764F9F002D80E0 /* Images.xcassets */ = {isa = PBXFileReference; lastKnownFileType = folder.assetcatalog; path = Images.xcassets; sourceTree = "<group>"; };
		07ADB04519764F9F002D80E0 /* YoFromTests.xctest */ = {isa = PBXFileReference; explicitFileType = wrapper.cfbundle; includeInIndex = 0; path = YoFromTests.xctest; sourceTree = BUILT_PRODUCTS_DIR; };
		07ADB04619764F9F002D80E0 /* XCTest.framework */ = {isa = PBXFileReference; lastKnownFileType = wrapper.framework; name = XCTest.framework; path = Library/Frameworks/XCTest.framework; sourceTree = DEVELOPER_DIR; };
		07ADB04F19764FA0002D80E0 /* Yo FromTests-Info.plist */ = {isa = PBXFileReference; lastKnownFileType = text.plist.xml; path = "Yo FromTests-Info.plist"; sourceTree = "<group>"; };
		07ADB05119764FA0002D80E0 /* en */ = {isa = PBXFileReference; lastKnownFileType = text.plist.strings; name = en; path = en.lproj/InfoPlist.strings; sourceTree = "<group>"; };
		07ADB05319764FA0002D80E0 /* Yo_FromTests.m */ = {isa = PBXFileReference; lastKnownFileType = sourcecode.c.objc; path = Yo_FromTests.m; sourceTree = "<group>"; };
		07ADB05D19764FC3002D80E0 /* LoginViewController.h */ = {isa = PBXFileReference; fileEncoding = 4; lastKnownFileType = sourcecode.c.h; path = LoginViewController.h; sourceTree = "<group>"; };
		07ADB05E19764FC3002D80E0 /* LoginViewController.m */ = {isa = PBXFileReference; fileEncoding = 4; lastKnownFileType = sourcecode.c.objc; path = LoginViewController.m; sourceTree = "<group>"; };
		07ADB060197651A5002D80E0 /* CoreLocation.framework */ = {isa = PBXFileReference; lastKnownFileType = wrapper.framework; name = CoreLocation.framework; path = System/Library/Frameworks/CoreLocation.framework; sourceTree = SDKROOT; };
		07ADB062197651B2002D80E0 /* Accounts.framework */ = {isa = PBXFileReference; lastKnownFileType = wrapper.framework; name = Accounts.framework; path = System/Library/Frameworks/Accounts.framework; sourceTree = SDKROOT; };
		07ADB064197651BA002D80E0 /* Social.framework */ = {isa = PBXFileReference; lastKnownFileType = wrapper.framework; name = Social.framework; path = System/Library/Frameworks/Social.framework; sourceTree = SDKROOT; };
		07ADB066197651C7002D80E0 /* QuartzCore.framework */ = {isa = PBXFileReference; lastKnownFileType = wrapper.framework; name = QuartzCore.framework; path = System/Library/Frameworks/QuartzCore.framework; sourceTree = SDKROOT; };
		07ADB068197651DF002D80E0 /* AudioToolbox.framework */ = {isa = PBXFileReference; lastKnownFileType = wrapper.framework; name = AudioToolbox.framework; path = System/Library/Frameworks/AudioToolbox.framework; sourceTree = SDKROOT; };
		07ADB06A197651E7002D80E0 /* CFNetwork.framework */ = {isa = PBXFileReference; lastKnownFileType = wrapper.framework; name = CFNetwork.framework; path = System/Library/Frameworks/CFNetwork.framework; sourceTree = SDKROOT; };
		07ADB06C197651F5002D80E0 /* libz.1.1.3.dylib */ = {isa = PBXFileReference; lastKnownFileType = "compiled.mach-o.dylib"; name = libz.1.1.3.dylib; path = usr/lib/libz.1.1.3.dylib; sourceTree = SDKROOT; };
		07ADB06E197651FC002D80E0 /* MobileCoreServices.framework */ = {isa = PBXFileReference; lastKnownFileType = wrapper.framework; name = MobileCoreServices.framework; path = System/Library/Frameworks/MobileCoreServices.framework; sourceTree = SDKROOT; };
		07ADB07019765209002D80E0 /* Security.framework */ = {isa = PBXFileReference; lastKnownFileType = wrapper.framework; name = Security.framework; path = System/Library/Frameworks/Security.framework; sourceTree = SDKROOT; };
		07ADB07219765214002D80E0 /* SystemConfiguration.framework */ = {isa = PBXFileReference; lastKnownFileType = wrapper.framework; name = SystemConfiguration.framework; path = System/Library/Frameworks/SystemConfiguration.framework; sourceTree = SDKROOT; };
		07ADB0741976521A002D80E0 /* StoreKit.framework */ = {isa = PBXFileReference; lastKnownFileType = wrapper.framework; name = StoreKit.framework; path = System/Library/Frameworks/StoreKit.framework; sourceTree = SDKROOT; };
		07ADB07819765592002D80E0 /* UserData.h */ = {isa = PBXFileReference; fileEncoding = 4; lastKnownFileType = sourcecode.c.h; path = UserData.h; sourceTree = "<group>"; };
		07ADB07919765592002D80E0 /* UserData.m */ = {isa = PBXFileReference; fileEncoding = 4; lastKnownFileType = sourcecode.c.objc; path = UserData.m; sourceTree = "<group>"; };
		07ADB08919766299002D80E0 /* Parse.framework */ = {isa = PBXFileReference; lastKnownFileType = wrapper.framework; path = Parse.framework; sourceTree = "<group>"; };
		6C4B05171978E12800357A14 /* close_nav_blue.png */ = {isa = PBXFileReference; lastKnownFileType = image.png; path = close_nav_blue.png; sourceTree = "<group>"; };
		6C594B461978F2D8000260A6 /* MapKit.framework */ = {isa = PBXFileReference; lastKnownFileType = wrapper.framework; name = MapKit.framework; path = System/Library/Frameworks/MapKit.framework; sourceTree = SDKROOT; };
		6C674A1F197A3B520036898E /* TBTableView.h */ = {isa = PBXFileReference; fileEncoding = 4; lastKnownFileType = sourcecode.c.h; path = TBTableView.h; sourceTree = "<group>"; };
		6C674A20197A3B520036898E /* TBTableView.m */ = {isa = PBXFileReference; fileEncoding = 4; lastKnownFileType = sourcecode.c.objc; path = TBTableView.m; sourceTree = "<group>"; };
		6CBE5C6A19765DF3005DDB86 /* PlacesViewController.h */ = {isa = PBXFileReference; fileEncoding = 4; lastKnownFileType = sourcecode.c.h; path = PlacesViewController.h; sourceTree = "<group>"; };
		6CBE5C6B19765DF3005DDB86 /* PlacesViewController.m */ = {isa = PBXFileReference; fileEncoding = 4; lastKnownFileType = sourcecode.c.objc; path = PlacesViewController.m; sourceTree = "<group>"; };
		6CBE5C6D19765E2B005DDB86 /* UsersViewController.h */ = {isa = PBXFileReference; fileEncoding = 4; lastKnownFileType = sourcecode.c.h; path = UsersViewController.h; sourceTree = "<group>"; };
		6CBE5C6E19765E2B005DDB86 /* UsersViewController.m */ = {isa = PBXFileReference; fileEncoding = 4; lastKnownFileType = sourcecode.c.objc; path = UsersViewController.m; sourceTree = "<group>"; };
		6CBE5C71197668D2005DDB86 /* LICENSE */ = {isa = PBXFileReference; fileEncoding = 4; lastKnownFileType = text; path = LICENSE; sourceTree = "<group>"; };
		6CBE5C72197668D2005DDB86 /* README.md */ = {isa = PBXFileReference; fileEncoding = 4; lastKnownFileType = text; path = README.md; sourceTree = "<group>"; };
		6CBE5C74197668D2005DDB86 /* NSData+ImageContentType.h */ = {isa = PBXFileReference; fileEncoding = 4; lastKnownFileType = sourcecode.c.h; path = "NSData+ImageContentType.h"; sourceTree = "<group>"; };
		6CBE5C75197668D2005DDB86 /* NSData+ImageContentType.m */ = {isa = PBXFileReference; fileEncoding = 4; lastKnownFileType = sourcecode.c.objc; path = "NSData+ImageContentType.m"; sourceTree = "<group>"; };
		6CBE5C76197668D2005DDB86 /* SDImageCache.h */ = {isa = PBXFileReference; fileEncoding = 4; lastKnownFileType = sourcecode.c.h; path = SDImageCache.h; sourceTree = "<group>"; };
		6CBE5C77197668D2005DDB86 /* SDImageCache.m */ = {isa = PBXFileReference; fileEncoding = 4; lastKnownFileType = sourcecode.c.objc; path = SDImageCache.m; sourceTree = "<group>"; };
		6CBE5C78197668D2005DDB86 /* SDWebImageCompat.h */ = {isa = PBXFileReference; fileEncoding = 4; lastKnownFileType = sourcecode.c.h; path = SDWebImageCompat.h; sourceTree = "<group>"; };
		6CBE5C79197668D2005DDB86 /* SDWebImageCompat.m */ = {isa = PBXFileReference; fileEncoding = 4; lastKnownFileType = sourcecode.c.objc; path = SDWebImageCompat.m; sourceTree = "<group>"; };
		6CBE5C7A197668D2005DDB86 /* SDWebImageDecoder.h */ = {isa = PBXFileReference; fileEncoding = 4; lastKnownFileType = sourcecode.c.h; path = SDWebImageDecoder.h; sourceTree = "<group>"; };
		6CBE5C7B197668D2005DDB86 /* SDWebImageDecoder.m */ = {isa = PBXFileReference; fileEncoding = 4; lastKnownFileType = sourcecode.c.objc; path = SDWebImageDecoder.m; sourceTree = "<group>"; };
		6CBE5C7C197668D2005DDB86 /* SDWebImageDownloader.h */ = {isa = PBXFileReference; fileEncoding = 4; lastKnownFileType = sourcecode.c.h; path = SDWebImageDownloader.h; sourceTree = "<group>"; };
		6CBE5C7D197668D2005DDB86 /* SDWebImageDownloader.m */ = {isa = PBXFileReference; fileEncoding = 4; lastKnownFileType = sourcecode.c.objc; path = SDWebImageDownloader.m; sourceTree = "<group>"; };
		6CBE5C7E197668D2005DDB86 /* SDWebImageDownloaderOperation.h */ = {isa = PBXFileReference; fileEncoding = 4; lastKnownFileType = sourcecode.c.h; path = SDWebImageDownloaderOperation.h; sourceTree = "<group>"; };
		6CBE5C7F197668D2005DDB86 /* SDWebImageDownloaderOperation.m */ = {isa = PBXFileReference; fileEncoding = 4; lastKnownFileType = sourcecode.c.objc; path = SDWebImageDownloaderOperation.m; sourceTree = "<group>"; };
		6CBE5C80197668D2005DDB86 /* SDWebImageManager.h */ = {isa = PBXFileReference; fileEncoding = 4; lastKnownFileType = sourcecode.c.h; path = SDWebImageManager.h; sourceTree = "<group>"; };
		6CBE5C81197668D2005DDB86 /* SDWebImageManager.m */ = {isa = PBXFileReference; fileEncoding = 4; lastKnownFileType = sourcecode.c.objc; path = SDWebImageManager.m; sourceTree = "<group>"; };
		6CBE5C82197668D2005DDB86 /* SDWebImageOperation.h */ = {isa = PBXFileReference; fileEncoding = 4; lastKnownFileType = sourcecode.c.h; path = SDWebImageOperation.h; sourceTree = "<group>"; };
		6CBE5C83197668D2005DDB86 /* SDWebImagePrefetcher.h */ = {isa = PBXFileReference; fileEncoding = 4; lastKnownFileType = sourcecode.c.h; path = SDWebImagePrefetcher.h; sourceTree = "<group>"; };
		6CBE5C84197668D2005DDB86 /* SDWebImagePrefetcher.m */ = {isa = PBXFileReference; fileEncoding = 4; lastKnownFileType = sourcecode.c.objc; path = SDWebImagePrefetcher.m; sourceTree = "<group>"; };
		6CBE5C85197668D2005DDB86 /* UIButton+WebCache.h */ = {isa = PBXFileReference; fileEncoding = 4; lastKnownFileType = sourcecode.c.h; path = "UIButton+WebCache.h"; sourceTree = "<group>"; };
		6CBE5C86197668D2005DDB86 /* UIButton+WebCache.m */ = {isa = PBXFileReference; fileEncoding = 4; lastKnownFileType = sourcecode.c.objc; path = "UIButton+WebCache.m"; sourceTree = "<group>"; };
		6CBE5C87197668D2005DDB86 /* UIImage+GIF.h */ = {isa = PBXFileReference; fileEncoding = 4; lastKnownFileType = sourcecode.c.h; path = "UIImage+GIF.h"; sourceTree = "<group>"; };
		6CBE5C88197668D2005DDB86 /* UIImage+GIF.m */ = {isa = PBXFileReference; fileEncoding = 4; lastKnownFileType = sourcecode.c.objc; path = "UIImage+GIF.m"; sourceTree = "<group>"; };
		6CBE5C89197668D2005DDB86 /* UIImage+MultiFormat.h */ = {isa = PBXFileReference; fileEncoding = 4; lastKnownFileType = sourcecode.c.h; path = "UIImage+MultiFormat.h"; sourceTree = "<group>"; };
		6CBE5C8A197668D2005DDB86 /* UIImage+MultiFormat.m */ = {isa = PBXFileReference; fileEncoding = 4; lastKnownFileType = sourcecode.c.objc; path = "UIImage+MultiFormat.m"; sourceTree = "<group>"; };
		6CBE5C8B197668D2005DDB86 /* UIImageView+WebCache.h */ = {isa = PBXFileReference; fileEncoding = 4; lastKnownFileType = sourcecode.c.h; path = "UIImageView+WebCache.h"; sourceTree = "<group>"; };
		6CBE5C8C197668D2005DDB86 /* UIImageView+WebCache.m */ = {isa = PBXFileReference; fileEncoding = 4; lastKnownFileType = sourcecode.c.objc; path = "UIImageView+WebCache.m"; sourceTree = "<group>"; };
		6CCBD5AA19765AF800F0E50A /* Main.storyboard */ = {isa = PBXFileReference; fileEncoding = 4; lastKnownFileType = file.storyboard; path = Main.storyboard; sourceTree = "<group>"; };
		6CCBDF631977366F001AD2E2 /* HistoryViewController.h */ = {isa = PBXFileReference; fileEncoding = 4; lastKnownFileType = sourcecode.c.h; path = HistoryViewController.h; sourceTree = "<group>"; };
		6CCBDF641977366F001AD2E2 /* HistoryViewController.m */ = {isa = PBXFileReference; fileEncoding = 4; lastKnownFileType = sourcecode.c.objc; path = HistoryViewController.m; sourceTree = "<group>"; };
/* End PBXFileReference section */

/* Begin PBXFrameworksBuildPhase section */
		07ADB02219764F9F002D80E0 /* Frameworks */ = {
			isa = PBXFrameworksBuildPhase;
			buildActionMask = 2147483647;
			files = (
				6C594B471978F2D8000260A6 /* MapKit.framework in Frameworks */,
				07ADB0751976521A002D80E0 /* StoreKit.framework in Frameworks */,
				07ADB07319765214002D80E0 /* SystemConfiguration.framework in Frameworks */,
				07ADB07119765209002D80E0 /* Security.framework in Frameworks */,
				07ADB06F197651FC002D80E0 /* MobileCoreServices.framework in Frameworks */,
				07ADB06D197651F5002D80E0 /* libz.1.1.3.dylib in Frameworks */,
				07ADB06B197651E7002D80E0 /* CFNetwork.framework in Frameworks */,
				07ADB08A19766299002D80E0 /* Parse.framework in Frameworks */,
				07ADB069197651DF002D80E0 /* AudioToolbox.framework in Frameworks */,
				07ADB067197651C7002D80E0 /* QuartzCore.framework in Frameworks */,
				07ADB065197651BA002D80E0 /* Social.framework in Frameworks */,
				07ADB063197651B2002D80E0 /* Accounts.framework in Frameworks */,
				07ADB061197651A5002D80E0 /* CoreLocation.framework in Frameworks */,
				07ADB02B19764F9F002D80E0 /* CoreGraphics.framework in Frameworks */,
				07ADB02F19764F9F002D80E0 /* CoreData.framework in Frameworks */,
				07ADB02D19764F9F002D80E0 /* UIKit.framework in Frameworks */,
				07ADB02919764F9F002D80E0 /* Foundation.framework in Frameworks */,
			);
			runOnlyForDeploymentPostprocessing = 0;
		};
		07ADB04219764F9F002D80E0 /* Frameworks */ = {
			isa = PBXFrameworksBuildPhase;
			buildActionMask = 2147483647;
			files = (
				07ADB04719764F9F002D80E0 /* XCTest.framework in Frameworks */,
				07ADB04A19764FA0002D80E0 /* CoreData.framework in Frameworks */,
				07ADB04919764FA0002D80E0 /* UIKit.framework in Frameworks */,
				07ADB04819764F9F002D80E0 /* Foundation.framework in Frameworks */,
			);
			runOnlyForDeploymentPostprocessing = 0;
		};
/* End PBXFrameworksBuildPhase section */

/* Begin PBXGroup section */
		07ADB01C19764F9F002D80E0 = {
			isa = PBXGroup;
			children = (
				07ADB03019764F9F002D80E0 /* Yo From */,
				07ADB04D19764FA0002D80E0 /* Yo FromTests */,
				07ADB02719764F9F002D80E0 /* Frameworks */,
				07ADB02619764F9F002D80E0 /* Products */,
			);
			sourceTree = "<group>";
		};
		07ADB02619764F9F002D80E0 /* Products */ = {
			isa = PBXGroup;
			children = (
				07ADB02519764F9F002D80E0 /* YoFrom.app */,
				07ADB04519764F9F002D80E0 /* YoFromTests.xctest */,
			);
			name = Products;
			sourceTree = "<group>";
		};
		07ADB02719764F9F002D80E0 /* Frameworks */ = {
			isa = PBXGroup;
			children = (
				6C594B461978F2D8000260A6 /* MapKit.framework */,
				6CBE5C70197668D2005DDB86 /* SDWebImage */,
				07ADB08919766299002D80E0 /* Parse.framework */,
				07ADB0741976521A002D80E0 /* StoreKit.framework */,
				07ADB07219765214002D80E0 /* SystemConfiguration.framework */,
				07ADB07019765209002D80E0 /* Security.framework */,
				07ADB06E197651FC002D80E0 /* MobileCoreServices.framework */,
				07ADB06C197651F5002D80E0 /* libz.1.1.3.dylib */,
				07ADB06A197651E7002D80E0 /* CFNetwork.framework */,
				07ADB068197651DF002D80E0 /* AudioToolbox.framework */,
				07ADB066197651C7002D80E0 /* QuartzCore.framework */,
				07ADB064197651BA002D80E0 /* Social.framework */,
				07ADB062197651B2002D80E0 /* Accounts.framework */,
				07ADB060197651A5002D80E0 /* CoreLocation.framework */,
				07ADB02819764F9F002D80E0 /* Foundation.framework */,
				07ADB02A19764F9F002D80E0 /* CoreGraphics.framework */,
				07ADB02C19764F9F002D80E0 /* UIKit.framework */,
				07ADB02E19764F9F002D80E0 /* CoreData.framework */,
				07ADB04619764F9F002D80E0 /* XCTest.framework */,
			);
			name = Frameworks;
			sourceTree = "<group>";
		};
		07ADB03019764F9F002D80E0 /* Yo From */ = {
			isa = PBXGroup;
			children = (
				07ADB03919764F9F002D80E0 /* AppDelegate.h */,
				07ADB03A19764F9F002D80E0 /* AppDelegate.m */,
				07ADB05D19764FC3002D80E0 /* LoginViewController.h */,
				07ADB05E19764FC3002D80E0 /* LoginViewController.m */,
				6CCBD5AA19765AF800F0E50A /* Main.storyboard */,
				6CBE5C6D19765E2B005DDB86 /* UsersViewController.h */,
				6CBE5C6E19765E2B005DDB86 /* UsersViewController.m */,
				6CBE5C6A19765DF3005DDB86 /* PlacesViewController.h */,
				6CBE5C6B19765DF3005DDB86 /* PlacesViewController.m */,
				6C674A22197B50FC0036898E /* unused stuff  */,
				07ADB03F19764F9F002D80E0 /* Images.xcassets */,
				07ADB03C19764F9F002D80E0 /* Yo_From.xcdatamodeld */,
				07ADB03119764F9F002D80E0 /* Supporting Files */,
			);
			path = "Yo From";
			sourceTree = "<group>";
		};
		07ADB03119764F9F002D80E0 /* Supporting Files */ = {
			isa = PBXGroup;
			children = (
				6C4B05171978E12800357A14 /* close_nav_blue.png */,
				07ADB03219764F9F002D80E0 /* YoFrom-Info.plist */,
				07ADB03319764F9F002D80E0 /* InfoPlist.strings */,
				07ADB03619764F9F002D80E0 /* main.m */,
				07ADB03819764F9F002D80E0 /* YoFrom-Prefix.pch */,
			);
			name = "Supporting Files";
			sourceTree = "<group>";
		};
		07ADB04D19764FA0002D80E0 /* Yo FromTests */ = {
			isa = PBXGroup;
			children = (
				07ADB05319764FA0002D80E0 /* Yo_FromTests.m */,
				07ADB04E19764FA0002D80E0 /* Supporting Files */,
			);
			path = "Yo FromTests";
			sourceTree = "<group>";
		};
		07ADB04E19764FA0002D80E0 /* Supporting Files */ = {
			isa = PBXGroup;
			children = (
				07ADB04F19764FA0002D80E0 /* Yo FromTests-Info.plist */,
				07ADB05019764FA0002D80E0 /* InfoPlist.strings */,
			);
			name = "Supporting Files";
			sourceTree = "<group>";
		};
		6C674A22197B50FC0036898E /* unused stuff  */ = {
			isa = PBXGroup;
			children = (
				6CCBDF631977366F001AD2E2 /* HistoryViewController.h */,
				6CCBDF641977366F001AD2E2 /* HistoryViewController.m */,
				6C674A1F197A3B520036898E /* TBTableView.h */,
				6C674A20197A3B520036898E /* TBTableView.m */,
				07ADB07819765592002D80E0 /* UserData.h */,
				07ADB07919765592002D80E0 /* UserData.m */,
			);
			name = "unused stuff ";
			sourceTree = "<group>";
		};
		6CBE5C70197668D2005DDB86 /* SDWebImage */ = {
			isa = PBXGroup;
			children = (
				6CBE5C71197668D2005DDB86 /* LICENSE */,
				6CBE5C72197668D2005DDB86 /* README.md */,
				6CBE5C73197668D2005DDB86 /* SDWebImage */,
			);
			name = SDWebImage;
			path = "Yo From/SDWebImage";
			sourceTree = "<group>";
		};
		6CBE5C73197668D2005DDB86 /* SDWebImage */ = {
			isa = PBXGroup;
			children = (
				6CBE5C74197668D2005DDB86 /* NSData+ImageContentType.h */,
				6CBE5C75197668D2005DDB86 /* NSData+ImageContentType.m */,
				6CBE5C76197668D2005DDB86 /* SDImageCache.h */,
				6CBE5C77197668D2005DDB86 /* SDImageCache.m */,
				6CBE5C78197668D2005DDB86 /* SDWebImageCompat.h */,
				6CBE5C79197668D2005DDB86 /* SDWebImageCompat.m */,
				6CBE5C7A197668D2005DDB86 /* SDWebImageDecoder.h */,
				6CBE5C7B197668D2005DDB86 /* SDWebImageDecoder.m */,
				6CBE5C7C197668D2005DDB86 /* SDWebImageDownloader.h */,
				6CBE5C7D197668D2005DDB86 /* SDWebImageDownloader.m */,
				6CBE5C7E197668D2005DDB86 /* SDWebImageDownloaderOperation.h */,
				6CBE5C7F197668D2005DDB86 /* SDWebImageDownloaderOperation.m */,
				6CBE5C80197668D2005DDB86 /* SDWebImageManager.h */,
				6CBE5C81197668D2005DDB86 /* SDWebImageManager.m */,
				6CBE5C82197668D2005DDB86 /* SDWebImageOperation.h */,
				6CBE5C83197668D2005DDB86 /* SDWebImagePrefetcher.h */,
				6CBE5C84197668D2005DDB86 /* SDWebImagePrefetcher.m */,
				6CBE5C85197668D2005DDB86 /* UIButton+WebCache.h */,
				6CBE5C86197668D2005DDB86 /* UIButton+WebCache.m */,
				6CBE5C87197668D2005DDB86 /* UIImage+GIF.h */,
				6CBE5C88197668D2005DDB86 /* UIImage+GIF.m */,
				6CBE5C89197668D2005DDB86 /* UIImage+MultiFormat.h */,
				6CBE5C8A197668D2005DDB86 /* UIImage+MultiFormat.m */,
				6CBE5C8B197668D2005DDB86 /* UIImageView+WebCache.h */,
				6CBE5C8C197668D2005DDB86 /* UIImageView+WebCache.m */,
			);
			path = SDWebImage;
			sourceTree = "<group>";
		};
/* End PBXGroup section */

/* Begin PBXNativeTarget section */
		07ADB02419764F9F002D80E0 /* YoFrom */ = {
			isa = PBXNativeTarget;
			buildConfigurationList = 07ADB05719764FA0002D80E0 /* Build configuration list for PBXNativeTarget "YoFrom" */;
			buildPhases = (
				07ADB02119764F9F002D80E0 /* Sources */,
				07ADB02219764F9F002D80E0 /* Frameworks */,
				07ADB02319764F9F002D80E0 /* Resources */,
			);
			buildRules = (
			);
			dependencies = (
			);
			name = YoFrom;
			productName = "Yo From";
			productReference = 07ADB02519764F9F002D80E0 /* YoFrom.app */;
			productType = "com.apple.product-type.application";
		};
		07ADB04419764F9F002D80E0 /* YoFromTests */ = {
			isa = PBXNativeTarget;
			buildConfigurationList = 07ADB05A19764FA0002D80E0 /* Build configuration list for PBXNativeTarget "YoFromTests" */;
			buildPhases = (
				07ADB04119764F9F002D80E0 /* Sources */,
				07ADB04219764F9F002D80E0 /* Frameworks */,
				07ADB04319764F9F002D80E0 /* Resources */,
			);
			buildRules = (
			);
			dependencies = (
				07ADB04C19764FA0002D80E0 /* PBXTargetDependency */,
			);
			name = YoFromTests;
			productName = "Yo FromTests";
			productReference = 07ADB04519764F9F002D80E0 /* YoFromTests.xctest */;
			productType = "com.apple.product-type.bundle.unit-test";
		};
/* End PBXNativeTarget section */

/* Begin PBXProject section */
		07ADB01D19764F9F002D80E0 /* Project object */ = {
			isa = PBXProject;
			attributes = {
				LastUpgradeCheck = 0510;
				ORGANIZATIONNAME = Aakash;
				TargetAttributes = {
					07ADB02419764F9F002D80E0 = {
						DevelopmentTeam = MRQT579S8E;
					};
					07ADB04419764F9F002D80E0 = {
						TestTargetID = 07ADB02419764F9F002D80E0;
					};
				};
			};
			buildConfigurationList = 07ADB02019764F9F002D80E0 /* Build configuration list for PBXProject "YoFrom" */;
			compatibilityVersion = "Xcode 3.2";
			developmentRegion = English;
			hasScannedForEncodings = 0;
			knownRegions = (
				en,
			);
			mainGroup = 07ADB01C19764F9F002D80E0;
			productRefGroup = 07ADB02619764F9F002D80E0 /* Products */;
			projectDirPath = "";
			projectRoot = "";
			targets = (
				07ADB02419764F9F002D80E0 /* YoFrom */,
				07ADB04419764F9F002D80E0 /* YoFromTests */,
			);
		};
/* End PBXProject section */

/* Begin PBXResourcesBuildPhase section */
		07ADB02319764F9F002D80E0 /* Resources */ = {
			isa = PBXResourcesBuildPhase;
			buildActionMask = 2147483647;
			files = (
				6CCBD5AB19765AF800F0E50A /* Main.storyboard in Resources */,
				07ADB03519764F9F002D80E0 /* InfoPlist.strings in Resources */,
				6C4B05181978E12800357A14 /* close_nav_blue.png in Resources */,
				6CBE5C8E197668D2005DDB86 /* README.md in Resources */,
				6CBE5C8D197668D2005DDB86 /* LICENSE in Resources */,
				07ADB04019764F9F002D80E0 /* Images.xcassets in Resources */,
			);
			runOnlyForDeploymentPostprocessing = 0;
		};
		07ADB04319764F9F002D80E0 /* Resources */ = {
			isa = PBXResourcesBuildPhase;
			buildActionMask = 2147483647;
			files = (
				07ADB05219764FA0002D80E0 /* InfoPlist.strings in Resources */,
			);
			runOnlyForDeploymentPostprocessing = 0;
		};
/* End PBXResourcesBuildPhase section */

/* Begin PBXSourcesBuildPhase section */
		07ADB02119764F9F002D80E0 /* Sources */ = {
			isa = PBXSourcesBuildPhase;
			buildActionMask = 2147483647;
			files = (
				6CBE5C6F19765E2B005DDB86 /* UsersViewController.m in Sources */,
				6CBE5C95197668D2005DDB86 /* SDWebImageManager.m in Sources */,
				6CBE5C90197668D2005DDB86 /* SDImageCache.m in Sources */,
				6CCBDF651977366F001AD2E2 /* HistoryViewController.m in Sources */,
				6CBE5C94197668D2005DDB86 /* SDWebImageDownloaderOperation.m in Sources */,
				6CBE5C6C19765DF3005DDB86 /* PlacesViewController.m in Sources */,
				6CBE5C97197668D2005DDB86 /* UIButton+WebCache.m in Sources */,
				6CBE5C8F197668D2005DDB86 /* NSData+ImageContentType.m in Sources */,
				6CBE5C96197668D2005DDB86 /* SDWebImagePrefetcher.m in Sources */,
				6CBE5C93197668D2005DDB86 /* SDWebImageDownloader.m in Sources */,
				07ADB05F19764FC3002D80E0 /* LoginViewController.m in Sources */,
				6CBE5C9A197668D2005DDB86 /* UIImageView+WebCache.m in Sources */,
				6CBE5C92197668D2005DDB86 /* SDWebImageDecoder.m in Sources */,
				07ADB03B19764F9F002D80E0 /* AppDelegate.m in Sources */,
				07ADB03E19764F9F002D80E0 /* Yo_From.xcdatamodeld in Sources */,
				6CBE5C91197668D2005DDB86 /* SDWebImageCompat.m in Sources */,
				07ADB07A19765592002D80E0 /* UserData.m in Sources */,
				07ADB03719764F9F002D80E0 /* main.m in Sources */,
				6C674A21197A3B520036898E /* TBTableView.m in Sources */,
				6CBE5C99197668D2005DDB86 /* UIImage+MultiFormat.m in Sources */,
				6CBE5C98197668D2005DDB86 /* UIImage+GIF.m in Sources */,
			);
			runOnlyForDeploymentPostprocessing = 0;
		};
		07ADB04119764F9F002D80E0 /* Sources */ = {
			isa = PBXSourcesBuildPhase;
			buildActionMask = 2147483647;
			files = (
				07ADB05419764FA0002D80E0 /* Yo_FromTests.m in Sources */,
			);
			runOnlyForDeploymentPostprocessing = 0;
		};
/* End PBXSourcesBuildPhase section */

/* Begin PBXTargetDependency section */
		07ADB04C19764FA0002D80E0 /* PBXTargetDependency */ = {
			isa = PBXTargetDependency;
			target = 07ADB02419764F9F002D80E0 /* YoFrom */;
			targetProxy = 07ADB04B19764FA0002D80E0 /* PBXContainerItemProxy */;
		};
/* End PBXTargetDependency section */

/* Begin PBXVariantGroup section */
		07ADB03319764F9F002D80E0 /* InfoPlist.strings */ = {
			isa = PBXVariantGroup;
			children = (
				07ADB03419764F9F002D80E0 /* en */,
			);
			name = InfoPlist.strings;
			sourceTree = "<group>";
		};
		07ADB05019764FA0002D80E0 /* InfoPlist.strings */ = {
			isa = PBXVariantGroup;
			children = (
				07ADB05119764FA0002D80E0 /* en */,
			);
			name = InfoPlist.strings;
			sourceTree = "<group>";
		};
/* End PBXVariantGroup section */

/* Begin XCBuildConfiguration section */
		07ADB05519764FA0002D80E0 /* Debug */ = {
			isa = XCBuildConfiguration;
			buildSettings = {
				ALWAYS_SEARCH_USER_PATHS = NO;
				CLANG_CXX_LANGUAGE_STANDARD = "gnu++0x";
				CLANG_CXX_LIBRARY = "libc++";
				CLANG_ENABLE_MODULES = YES;
				CLANG_ENABLE_OBJC_ARC = YES;
				CLANG_WARN_BOOL_CONVERSION = YES;
				CLANG_WARN_CONSTANT_CONVERSION = YES;
				CLANG_WARN_DIRECT_OBJC_ISA_USAGE = YES_ERROR;
				CLANG_WARN_EMPTY_BODY = YES;
				CLANG_WARN_ENUM_CONVERSION = YES;
				CLANG_WARN_INT_CONVERSION = YES;
				CLANG_WARN_OBJC_ROOT_CLASS = YES_ERROR;
				CLANG_WARN__DUPLICATE_METHOD_MATCH = YES;
				CODE_SIGN_IDENTITY = "iPhone Developer: Aakash  Thumaty (DL9R5P72BZ)";
				"CODE_SIGN_IDENTITY[sdk=iphoneos*]" = "Apple Development IOS Push Services: com.EverHacks.YoFrom";
				COPY_PHASE_STRIP = NO;
				GCC_C_LANGUAGE_STANDARD = gnu99;
				GCC_DYNAMIC_NO_PIC = NO;
				GCC_OPTIMIZATION_LEVEL = 0;
				GCC_PREPROCESSOR_DEFINITIONS = (
					"DEBUG=1",
					"$(inherited)",
				);
				GCC_SYMBOLS_PRIVATE_EXTERN = NO;
				GCC_WARN_64_TO_32_BIT_CONVERSION = YES;
				GCC_WARN_ABOUT_RETURN_TYPE = YES_ERROR;
				GCC_WARN_UNDECLARED_SELECTOR = YES;
				GCC_WARN_UNINITIALIZED_AUTOS = YES_AGGRESSIVE;
				GCC_WARN_UNUSED_FUNCTION = YES;
				GCC_WARN_UNUSED_VARIABLE = YES;
				IPHONEOS_DEPLOYMENT_TARGET = 7.1;
				ONLY_ACTIVE_ARCH = YES;
				PROVISIONING_PROFILE = "9DF855CA-ABDD-4105-914E-D4883D145440";
				SDKROOT = iphoneos;
			};
			name = Debug;
		};
		07ADB05619764FA0002D80E0 /* Release */ = {
			isa = XCBuildConfiguration;
			buildSettings = {
				ALWAYS_SEARCH_USER_PATHS = NO;
				CLANG_CXX_LANGUAGE_STANDARD = "gnu++0x";
				CLANG_CXX_LIBRARY = "libc++";
				CLANG_ENABLE_MODULES = YES;
				CLANG_ENABLE_OBJC_ARC = YES;
				CLANG_WARN_BOOL_CONVERSION = YES;
				CLANG_WARN_CONSTANT_CONVERSION = YES;
				CLANG_WARN_DIRECT_OBJC_ISA_USAGE = YES_ERROR;
				CLANG_WARN_EMPTY_BODY = YES;
				CLANG_WARN_ENUM_CONVERSION = YES;
				CLANG_WARN_INT_CONVERSION = YES;
				CLANG_WARN_OBJC_ROOT_CLASS = YES_ERROR;
				CLANG_WARN__DUPLICATE_METHOD_MATCH = YES;
				CODE_SIGN_IDENTITY = "iPhone Developer: Aakash  Thumaty (DL9R5P72BZ)";
				"CODE_SIGN_IDENTITY[sdk=iphoneos*]" = "Apple Development IOS Push Services: com.EverHacks.YoFrom";
				COPY_PHASE_STRIP = YES;
				ENABLE_NS_ASSERTIONS = NO;
				GCC_C_LANGUAGE_STANDARD = gnu99;
				GCC_WARN_64_TO_32_BIT_CONVERSION = YES;
				GCC_WARN_ABOUT_RETURN_TYPE = YES_ERROR;
				GCC_WARN_UNDECLARED_SELECTOR = YES;
				GCC_WARN_UNINITIALIZED_AUTOS = YES_AGGRESSIVE;
				GCC_WARN_UNUSED_FUNCTION = YES;
				GCC_WARN_UNUSED_VARIABLE = YES;
				IPHONEOS_DEPLOYMENT_TARGET = 7.1;
				PROVISIONING_PROFILE = "9DF855CA-ABDD-4105-914E-D4883D145440";
				SDKROOT = iphoneos;
				VALIDATE_PRODUCT = YES;
			};
			name = Release;
		};
		07ADB05819764FA0002D80E0 /* Debug */ = {
			isa = XCBuildConfiguration;
			buildSettings = {
				ASSETCATALOG_COMPILER_APPICON_NAME = AppIcon;
				ASSETCATALOG_COMPILER_LAUNCHIMAGE_NAME = LaunchImage;
				CODE_SIGN_IDENTITY = "iPhone Developer: Aakash  Thumaty (DL9R5P72BZ)";
				"CODE_SIGN_IDENTITY[sdk=iphoneos*]" = "iPhone Developer";
				FRAMEWORK_SEARCH_PATHS = (
					"$(inherited)",
					/Users/aakash/Downloads,
					"$(PROJECT_DIR)",
				);
				GCC_PRECOMPILE_PREFIX_HEADER = YES;
				GCC_PREFIX_HEADER = "Yo From/YoFrom-Prefix.pch";
				INFOPLIST_FILE = "Yo From/YoFrom-Info.plist";
				PRODUCT_NAME = YoFrom;
				PROVISIONING_PROFILE = "9DF855CA-ABDD-4105-914E-D4883D145440";
				WRAPPER_EXTENSION = app;
			};
			name = Debug;
		};
		07ADB05919764FA0002D80E0 /* Release */ = {
			isa = XCBuildConfiguration;
			buildSettings = {
				ASSETCATALOG_COMPILER_APPICON_NAME = AppIcon;
				ASSETCATALOG_COMPILER_LAUNCHIMAGE_NAME = LaunchImage;
				CODE_SIGN_IDENTITY = "iPhone Developer: Aakash  Thumaty (DL9R5P72BZ)";
				"CODE_SIGN_IDENTITY[sdk=iphoneos*]" = "iPhone Developer";
				FRAMEWORK_SEARCH_PATHS = (
					"$(inherited)",
					/Users/aakash/Downloads,
					"$(PROJECT_DIR)",
				);
				GCC_PRECOMPILE_PREFIX_HEADER = YES;
				GCC_PREFIX_HEADER = "Yo From/YoFrom-Prefix.pch";
				INFOPLIST_FILE = "Yo From/YoFrom-Info.plist";
				PRODUCT_NAME = YoFrom;
				PROVISIONING_PROFILE = "9DF855CA-ABDD-4105-914E-D4883D145440";
				WRAPPER_EXTENSION = app;
			};
			name = Release;
		};
		07ADB05B19764FA0002D80E0 /* Debug */ = {
			isa = XCBuildConfiguration;
			buildSettings = {
				BUNDLE_LOADER = "$(BUILT_PRODUCTS_DIR)/Yo From.app/Yo From";
				FRAMEWORK_SEARCH_PATHS = (
					"$(SDKROOT)/Developer/Library/Frameworks",
					"$(inherited)",
					"$(DEVELOPER_FRAMEWORKS_DIR)",
				);
				GCC_PRECOMPILE_PREFIX_HEADER = YES;
				GCC_PREFIX_HEADER = "Yo From/Yo From-Prefix.pch";
				GCC_PREPROCESSOR_DEFINITIONS = (
					"DEBUG=1",
					"$(inherited)",
				);
				INFOPLIST_FILE = "Yo FromTests/Yo FromTests-Info.plist";
				PRODUCT_NAME = YoFromTests;
				TEST_HOST = "$(BUNDLE_LOADER)";
				WRAPPER_EXTENSION = xctest;
			};
			name = Debug;
		};
		07ADB05C19764FA0002D80E0 /* Release */ = {
			isa = XCBuildConfiguration;
			buildSettings = {
				BUNDLE_LOADER = "$(BUILT_PRODUCTS_DIR)/Yo From.app/Yo From";
				FRAMEWORK_SEARCH_PATHS = (
					"$(SDKROOT)/Developer/Library/Frameworks",
					"$(inherited)",
					"$(DEVELOPER_FRAMEWORKS_DIR)",
				);
				GCC_PRECOMPILE_PREFIX_HEADER = YES;
				GCC_PREFIX_HEADER = "Yo From/Yo From-Prefix.pch";
				INFOPLIST_FILE = "Yo FromTests/Yo FromTests-Info.plist";
				PRODUCT_NAME = YoFromTests;
				TEST_HOST = "$(BUNDLE_LOADER)";
				WRAPPER_EXTENSION = xctest;
			};
			name = Release;
		};
/* End XCBuildConfiguration section */

/* Begin XCConfigurationList section */
		07ADB02019764F9F002D80E0 /* Build configuration list for PBXProject "YoFrom" */ = {
			isa = XCConfigurationList;
			buildConfigurations = (
				07ADB05519764FA0002D80E0 /* Debug */,
				07ADB05619764FA0002D80E0 /* Release */,
			);
			defaultConfigurationIsVisible = 0;
			defaultConfigurationName = Release;
		};
		07ADB05719764FA0002D80E0 /* Build configuration list for PBXNativeTarget "YoFrom" */ = {
			isa = XCConfigurationList;
			buildConfigurations = (
				07ADB05819764FA0002D80E0 /* Debug */,
				07ADB05919764FA0002D80E0 /* Release */,
			);
			defaultConfigurationIsVisible = 0;
			defaultConfigurationName = Release;
		};
		07ADB05A19764FA0002D80E0 /* Build configuration list for PBXNativeTarget "YoFromTests" */ = {
			isa = XCConfigurationList;
			buildConfigurations = (
				07ADB05B19764FA0002D80E0 /* Debug */,
				07ADB05C19764FA0002D80E0 /* Release */,
			);
			defaultConfigurationIsVisible = 0;
			defaultConfigurationName = Release;
		};
/* End XCConfigurationList section */

/* Begin XCVersionGroup section */
		07ADB03C19764F9F002D80E0 /* Yo_From.xcdatamodeld */ = {
			isa = XCVersionGroup;
			children = (
				07ADB03D19764F9F002D80E0 /* Yo_From.xcdatamodel */,
			);
			currentVersion = 07ADB03D19764F9F002D80E0 /* Yo_From.xcdatamodel */;
			path = Yo_From.xcdatamodeld;
			sourceTree = "<group>";
			versionGroupType = wrapper.xcdatamodel;
		};
/* End XCVersionGroup section */
	};
	rootObject = 07ADB01D19764F9F002D80E0 /* Project object */;
}
